<?xml version="1.0" encoding="UTF-8"?>
<CONFIG>
  <ProjectOptions>
    <Version Value="9"/>
    <General>
      <Flags>
        <LRSInOutputDirectory Value="False"/>
      </Flags>
      <MainUnit Value="0"/>
      <Title Value="etdemo"/>
      <UseXPManifest Value="True"/>
    </General>
    <BuildModes Count="1">
      <Item1 Name="default" Default="True"/>
    </BuildModes>
    <PublishOptions>
      <Version Value="2"/>
      <IgnoreBinaries Value="False"/>
      <IncludeFileFilter Value="*.(pas|pp|inc|lfm|lpr|lrs|lpi|lpk|sh|xml)"/>
      <ExcludeFileFilter Value="*.(bak|ppu|ppw|o|so);*~;backup"/>
    </PublishOptions>
    <RunParams>
      <local>
        <FormatVersion Value="1"/>
        <LaunchingApplication PathPlusParams="/usr/X11R6/bin/xterm -T 'Lazarus Run Output' -e $(LazarusDir)/tools/runwait.sh $(TargetCmdLine)"/>
      </local>
    </RunParams>
    <RequiredPackages Count="1">
      <Item1>
        <PackageName Value="LCL"/>
        <MinVersion Major="1" Valid="True"/>
      </Item1>
    </RequiredPackages>
    <Units Count="9">
      <Unit0>
        <Filename Value="etdemo.lpr"/>
        <IsPartOfProject Value="True"/>
        <UnitName Value="project1"/>
        <CursorPos X="19" Y="4"/>
        <UsageCount Value="25"/>
        <Loaded Value="True"/>
        <LoadedDesigner Value="True"/>
      </Unit0>
      <Unit1>
        <Filename Value="main.pas"/>
        <IsPartOfProject Value="True"/>
        <ComponentName Value="Form1"/>
        <HasResources Value="True"/>
        <ResourceBaseClass Value="Form"/>
        <IsVisibleTab Value="True"/>
        <EditorIndex Value="4"/>
        <TopLine Value="212"/>
        <CursorPos X="43" Y="239"/>
        <UsageCount Value="20"/>
        <Loaded Value="True"/>
        <LoadedDesigner Value="True"/>
      </Unit1>
      <Unit2>
        <Filename Value="epiktimer.pas"/>
        <IsPartOfProject Value="True"/>
        <UnitName Value="EpikTimer"/>
        <EditorIndex Value="2"/>
        <TopLine Value="236"/>
        <CursorPos X="16" Y="255"/>
        <UsageCount Value="20"/>
        <Loaded Value="True"/>
      </Unit2>
      <Unit3>
        <Filename Value="newsw.pas"/>
        <IsPartOfProject Value="True"/>
        <ComponentName Value="Form2"/>
        <HasResources Value="True"/>
        <ResourceBaseClass Value="Form"/>
        <EditorIndex Value="1"/>
        <TopLine Value="18"/>
        <CursorPos X="7" Y="6"/>
        <UsageCount Value="20"/>
        <Loaded Value="True"/>
        <LoadedDesigner Value="True"/>
      </Unit3>
      <Unit4>
        <Filename Value="splash.pas"/>
        <IsPartOfProject Value="True"/>
        <ComponentName Value="Form3"/>
        <HasResources Value="True"/>
        <ResourceBaseClass Value="Form"/>
        <EditorIndex Value="3"/>
        <CursorPos X="8" Y="7"/>
        <UsageCount Value="20"/>
        <Loaded Value="True"/>
        <LoadedDesigner Value="True"/>
      </Unit4>
      <Unit5>
        <Filename Value="C:/Programas/lazarus_stable/fpcsrc/rtl/win32/windows.pp"/>
        <CursorPos X="14" Y="8"/>
        <UsageCount Value="10"/>
      </Unit5>
      <Unit6>
        <Filename Value="etpackage.pas"/>
        <CursorPos X="8"/>
        <UsageCount Value="10"/>
      </Unit6>
      <Unit7>
        <Filename Value="home/felipe/Programação/OsciloscopioISA/principal.pas"/>
        <ComponentName Value="frmPrincipal"/>
        <HasResources Value="True"/>
        <TopLine Value="5"/>
        <CursorPos X="3" Y="21"/>
        <UsageCount Value="10"/>
      </Unit7>
      <Unit8>
        <Filename Value="usr/share/fpcsrc/rtl/unix/linuxold.inc"/>
        <TopLine Value="1478"/>
        <CursorPos X="12" Y="1495"/>
        <UsageCount Value="10"/>
      </Unit8>
    </Units>
    <JumpHistory Count="4" HistoryIndex="2">
      <Position1>
        <Filename Value="etdemo.lpr"/>
        <Caret Line="4" Column="19"/>
      </Position1>
      <Position2>
        <Filename Value="main.pas"/>
        <Caret Line="230" Column="18" TopLine="211"/>
      </Position2>
      <Position3>
        <Filename Value="main.pas"/>
        <Caret Line="225" Column="24" TopLine="211"/>
      </Position3>
      <Position4>
        <Filename Value="epiktimer.pas"/>
        <Caret Line="255" Column="16" TopLine="236"/>
      </Position4>
    </JumpHistory>
  </ProjectOptions>
  <CompilerOptions>
    <Version Value="11"/>
    <SearchPaths>
      <SrcPath Value="$(LazarusDir)/lcl;$(LazarusDir)/lcl/interfaces/$(LCLWidgetType)"/>
    </SearchPaths>
    <Parsing>
      <SyntaxOptions>
        <UseAnsiStrings Value="False"/>
      </SyntaxOptions>
    </Parsing>
    <Linking>
      <Debugging>
        <UseExternalDbgSyms Value="True"/>
      </Debugging>
      <Options>
        <Win32>
          <GraphicApplication Value="True"/>
        </Win32>
      </Options>
    </Linking>
  </CompilerOptions>
</CONFIG>
