<?xml version="1.0" encoding="UTF-8"?>
<CONFIG>
  <ProjectOptions>
    <Version Value="12"/>
    <PathDelim Value="\"/>
    <General>
      <Flags>
        <CompatibilityMode Value="True"/>
      </Flags>
      <SessionStorage Value="InProjectDir"/>
      <Title Value="P65Pas"/>
      <ResourceType Value="res"/>
      <UseXPManifest Value="True"/>
      <Icon Value="0"/>
    </General>
    <i18n>
      <EnableI18N Value="True"/>
      <OutDir Value="languages"/>
    </i18n>
    <BuildModes Count="2">
      <Item1 Name="Debug" Default="True"/>
      <Item2 Name="Release">
        <CompilerOptions>
          <Version Value="11"/>
          <PathDelim Value="\"/>
          <Target>
            <Filename Value="..\P65Pas-$(TargetOS)"/>
          </Target>
          <SearchPaths>
            <IncludeFiles Value="$(ProjOutDir)"/>
            <OtherUnitFiles Value="_libraries\SynFacilUtils-1.24;_libraries\MisUtils-0.6;_libraries\MiConfig-0.4;_libraries\UtilsGrilla-0.8;_libraries\epiktimer;adapter6502;adapterKickc;..\comp_p65pas\src;..\comp_p65pas\src\_libraries\P65Utils-0.5"/>
            <UnitOutputDirectory Value="lib\$(TargetCPU)-$(TargetOS)"/>
          </SearchPaths>
          <CodeGeneration>
            <SmartLinkUnit Value="True"/>
            <Optimizations>
              <OptimizationLevel Value="3"/>
            </Optimizations>
          </CodeGeneration>
          <Linking>
            <Debugging>
              <GenerateDebugInfo Value="False"/>
              <DebugInfoType Value="dsDwarf3"/>
            </Debugging>
            <LinkSmart Value="True"/>
            <Options>
              <Win32>
                <GraphicApplication Value="True"/>
              </Win32>
            </Options>
          </Linking>
        </CompilerOptions>
      </Item2>
    </BuildModes>
    <PublishOptions>
      <Version Value="2"/>
      <DestinationDirectory Value="C:\Users\Usuario\Desktop\PicPasFull"/>
    </PublishOptions>
    <RunParams>
      <FormatVersion Value="2"/>
      <Modes Count="1">
        <Mode0 Name="default"/>
      </Modes>
    </RunParams>
    <RequiredPackages Count="4">
      <Item1>
        <PackageName Value="TAChartLazarusPkg"/>
      </Item1>
      <Item2>
        <PackageName Value="LazControls"/>
      </Item2>
      <Item3>
        <PackageName Value="SynEdit"/>
      </Item3>
      <Item4>
        <PackageName Value="LCL"/>
      </Item4>
    </RequiredPackages>
    <Units Count="34">
      <Unit0>
        <Filename Value="P65Pas.lpr"/>
        <IsPartOfProject Value="True"/>
      </Unit0>
      <Unit1>
        <Filename Value="FormPrincipal.pas"/>
        <IsPartOfProject Value="True"/>
        <ComponentName Value="frmPrincipal"/>
        <HasResources Value="True"/>
        <ResourceBaseClass Value="Form"/>
      </Unit1>
      <Unit2>
        <Filename Value="adapter6502\FrameSynTree6502.pas"/>
        <IsPartOfProject Value="True"/>
        <ComponentName Value="fraSynxTree6502"/>
        <HasResources Value="True"/>
        <ResourceBaseClass Value="Frame"/>
      </Unit2>
      <Unit3>
        <Filename Value="Globales.pas"/>
        <IsPartOfProject Value="True"/>
      </Unit3>
      <Unit4>
        <Filename Value="FormConfig.pas"/>
        <IsPartOfProject Value="True"/>
        <ComponentName Value="Config"/>
        <HasResources Value="True"/>
        <ResourceBaseClass Value="Form"/>
      </Unit4>
      <Unit5>
        <Filename Value="PicPasProject.pas"/>
        <IsPartOfProject Value="True"/>
      </Unit5>
      <Unit6>
        <Filename Value="FrameEditView.pas"/>
        <IsPartOfProject Value="True"/>
        <ComponentName Value="fraEditView"/>
        <HasResources Value="True"/>
        <ResourceBaseClass Value="Frame"/>
      </Unit6>
      <Unit7>
        <Filename Value="FrameMessagesWin.pas"/>
        <IsPartOfProject Value="True"/>
        <ComponentName Value="fraMessagesWin"/>
        <HasResources Value="True"/>
        <ResourceBaseClass Value="Frame"/>
      </Unit7>
      <Unit8>
        <Filename Value="adapter6502\FormElemProperty.pas"/>
        <IsPartOfProject Value="True"/>
        <ComponentName Value="frmElemProperty"/>
        <HasResources Value="True"/>
        <ResourceBaseClass Value="Form"/>
      </Unit8>
      <Unit9>
        <Filename Value="FrameFileExplor.pas"/>
        <IsPartOfProject Value="True"/>
        <ComponentName Value="fraFileExplor"/>
        <HasResources Value="True"/>
        <ResourceBaseClass Value="Frame"/>
      </Unit9>
      <Unit10>
        <Filename Value="FrameCfgSyntax.pas"/>
        <IsPartOfProject Value="True"/>
        <ComponentName Value="fraCfgSyntax"/>
        <HasResources Value="True"/>
        <ResourceBaseClass Value="Frame"/>
      </Unit10>
      <Unit11>
        <Filename Value="FrameCfgSynEdit.pas"/>
        <IsPartOfProject Value="True"/>
        <ComponentName Value="fraCfgSynEdit"/>
        <HasResources Value="True"/>
        <ResourceBaseClass Value="Frame"/>
      </Unit11>
      <Unit12>
        <Filename Value="adapter6502\CodeTools6502.pas"/>
        <IsPartOfProject Value="True"/>
      </Unit12>
      <Unit13>
        <Filename Value="FrameCfgExtTool.pas"/>
        <IsPartOfProject Value="True"/>
        <ComponentName Value="fraCfgExtTool"/>
        <HasResources Value="True"/>
        <ResourceBaseClass Value="Frame"/>
      </Unit13>
      <Unit14>
        <Filename Value="adapter6502\FormDebugger6502.pas"/>
        <IsPartOfProject Value="True"/>
        <ComponentName Value="frmDebugger6502"/>
        <HasResources Value="True"/>
        <ResourceBaseClass Value="Form"/>
      </Unit14>
      <Unit15>
        <Filename Value="adapter6502\FrameRamExplorer6502.pas"/>
        <IsPartOfProject Value="True"/>
        <ComponentName Value="fraRamExplorer6502"/>
        <HasResources Value="True"/>
        <ResourceBaseClass Value="Frame"/>
      </Unit15>
      <Unit16>
        <Filename Value="adapter6502\FormRAMExplorer6502.pas"/>
        <IsPartOfProject Value="True"/>
        <ComponentName Value="frmRAMExplorer6502"/>
        <HasResources Value="True"/>
        <ResourceBaseClass Value="Form"/>
      </Unit16>
      <Unit17>
        <Filename Value="adapter6502\FrameRegisters6502.pas"/>
        <IsPartOfProject Value="True"/>
        <ComponentName Value="fraPicRegisters"/>
        <HasResources Value="True"/>
        <ResourceBaseClass Value="Frame"/>
      </Unit17>
      <Unit18>
        <Filename Value="adapter6502\FrameRegWatcher6502.pas"/>
        <IsPartOfProject Value="True"/>
        <ComponentName Value="fraRegWatcher"/>
        <HasResources Value="True"/>
        <ResourceBaseClass Value="Frame"/>
      </Unit18>
      <Unit19>
        <Filename Value="adapter6502\FrameAsm6502.pas"/>
        <IsPartOfProject Value="True"/>
        <ComponentName Value="fraPicAsm"/>
        <HasResources Value="True"/>
        <ResourceBaseClass Value="Frame"/>
      </Unit19>
      <Unit20>
        <Filename Value="adapter6502\adapter6502.pas"/>
        <IsPartOfProject Value="True"/>
      </Unit20>
      <Unit21>
        <Filename Value="adapterBase.pas"/>
        <IsPartOfProject Value="True"/>
      </Unit21>
      <Unit22>
        <Filename Value="adapter6502\FrameStatist6502.pas"/>
        <IsPartOfProject Value="True"/>
        <ComponentName Value="fraStatist6502"/>
        <HasResources Value="True"/>
        <ResourceBaseClass Value="Frame"/>
      </Unit22>
      <Unit23>
        <Filename Value="adapter6502\FormAdapter6502.pas"/>
        <IsPartOfProject Value="True"/>
        <ComponentName Value="frmAdapter6502"/>
        <HasResources Value="True"/>
        <ResourceBaseClass Value="Form"/>
      </Unit23>
      <Unit24>
        <Filename Value="adapter6502\FrameCfgAfterChg6502.pas"/>
        <IsPartOfProject Value="True"/>
        <ComponentName Value="fraCfgAfterChg6502"/>
        <HasResources Value="True"/>
        <ResourceBaseClass Value="Frame"/>
      </Unit24>
      <Unit25>
        <Filename Value="adapter6502\FrameCfgCompiler6502.pas"/>
        <IsPartOfProject Value="True"/>
        <ComponentName Value="fraCfgCompiler6502"/>
        <HasResources Value="True"/>
        <ResourceBaseClass Value="Frame"/>
      </Unit25>
      <Unit26>
        <Filename Value="adapter6502\FrameCfgAsmOut6502.pas"/>
        <IsPartOfProject Value="True"/>
        <ComponentName Value="fraCfgAsmOut6502"/>
        <HasResources Value="True"/>
        <ResourceBaseClass Value="Frame"/>
      </Unit26>
      <Unit27>
        <Filename Value="FrameLateralPanel.pas"/>
        <IsPartOfProject Value="True"/>
        <ComponentName Value="fraLateralPanel"/>
        <HasResources Value="True"/>
        <ResourceBaseClass Value="Frame"/>
      </Unit27>
      <Unit28>
        <Filename Value="adapterKickc\adapterKickc.pas"/>
        <IsPartOfProject Value="True"/>
      </Unit28>
      <Unit29>
        <Filename Value="adapterKickc\FrameCfgAftEditKickc.pas"/>
        <IsPartOfProject Value="True"/>
        <ComponentName Value="fraCfgAftEditKickc"/>
        <HasResources Value="True"/>
        <ResourceBaseClass Value="Frame"/>
      </Unit29>
      <Unit30>
        <Filename Value="adapterKickc\FrameCfgCompilerKickc.pas"/>
        <IsPartOfProject Value="True"/>
        <ComponentName Value="fraCfgCompilerKickc"/>
        <ResourceBaseClass Value="Frame"/>
      </Unit30>
      <Unit31>
        <Filename Value="EditView.pas"/>
        <IsPartOfProject Value="True"/>
      </Unit31>
      <Unit32>
        <Filename Value="..\comp_p65pas\src\Compiler_PIC16.pas"/>
        <IsPartOfProject Value="True"/>
      </Unit32>
      <Unit33>
        <Filename Value="..\comp_p65pas\src\ParserASM_6502.pas"/>
        <IsPartOfProject Value="True"/>
      </Unit33>
    </Units>
  </ProjectOptions>
  <CompilerOptions>
    <Version Value="11"/>
    <PathDelim Value="\"/>
    <Target>
      <Filename Value="..\P65Pas-$(TargetOS)"/>
    </Target>
    <SearchPaths>
      <IncludeFiles Value="$(ProjOutDir)"/>
      <OtherUnitFiles Value="_libraries\SynFacilUtils-1.24;_libraries\MisUtils-0.6;_libraries\MiConfig-0.4;_libraries\UtilsGrilla-0.8;_libraries\epiktimer;adapter6502;adapterKickc;..\comp_p65pas\src;..\comp_p65pas\src\_libraries\P65Utils-0.5"/>
      <UnitOutputDirectory Value="lib\$(TargetCPU)-$(TargetOS)"/>
    </SearchPaths>
    <Parsing>
      <SyntaxOptions>
        <IncludeAssertionCode Value="True"/>
      </SyntaxOptions>
    </Parsing>
    <CodeGeneration>
      <Checks>
        <IOChecks Value="True"/>
        <RangeChecks Value="True"/>
        <OverflowChecks Value="True"/>
        <StackChecks Value="True"/>
      </Checks>
    </CodeGeneration>
    <Linking>
      <Debugging>
        <DebugInfoType Value="dsDwarf2Set"/>
        <UseHeaptrc Value="True"/>
        <UseExternalDbgSyms Value="True"/>
      </Debugging>
    </Linking>
    <Other>
      <CompilerMessages>
        <IgnoredMessages idx5057="True" idx5024="True" idx4079="True"/>
      </CompilerMessages>
    </Other>
  </CompilerOptions>
  <Debugging>
    <Exceptions Count="3">
      <Item1>
        <Name Value="EAbort"/>
      </Item1>
      <Item2>
        <Name Value="ECodetoolError"/>
      </Item2>
      <Item3>
        <Name Value="EFOpenError"/>
      </Item3>
    </Exceptions>
  </Debugging>
</CONFIG>
