<?xml version="1.0" encoding="UTF-8"?>
<CONFIG>
  <ProjectOptions>
    <Version Value="12"/>
    <PathDelim Value="\"/>
    <General>
      <Flags>
        <CompatibilityMode Value="True"/>
      </Flags>
      <SessionStorage Value="InProjectDir"/>
      <Title Value="P65Pas"/>
      <ResourceType Value="res"/>
      <UseXPManifest Value="True"/>
      <Icon Value="0"/>
    </General>
    <i18n>
      <EnableI18N Value="True"/>
      <OutDir Value="languages"/>
    </i18n>
    <BuildModes Count="2">
      <Item1 Name="Debug" Default="True"/>
      <Item2 Name="Release">
        <CompilerOptions>
          <Version Value="11"/>
          <PathDelim Value="\"/>
          <Target>
            <Filename Value="..\P65Pas-$(TargetOS)"/>
          </Target>
          <SearchPaths>
            <IncludeFiles Value="$(ProjOutDir)"/>
            <OtherUnitFiles Value="_libraries\SynFacilUtils-1.22;_libraries\MisUtils-0.6;_libraries\MiConfig-0.4;_libraries\P65Utils-0.5;_libraries\UtilsGrilla-0.8;_libraries\epiktimer"/>
            <UnitOutputDirectory Value="lib\$(TargetCPU)-$(TargetOS)"/>
          </SearchPaths>
          <CodeGeneration>
            <SmartLinkUnit Value="True"/>
            <Optimizations>
              <OptimizationLevel Value="3"/>
            </Optimizations>
          </CodeGeneration>
          <Linking>
            <Debugging>
              <GenerateDebugInfo Value="False"/>
              <DebugInfoType Value="dsDwarf3"/>
            </Debugging>
            <LinkSmart Value="True"/>
            <Options>
              <Win32>
                <GraphicApplication Value="True"/>
              </Win32>
            </Options>
          </Linking>
        </CompilerOptions>
      </Item2>
    </BuildModes>
    <PublishOptions>
      <Version Value="2"/>
      <DestinationDirectory Value="C:\Users\Usuario\Desktop\PicPasFull"/>
    </PublishOptions>
    <RunParams>
      <FormatVersion Value="2"/>
      <Modes Count="1">
        <Mode0 Name="default"/>
      </Modes>
    </RunParams>
    <RequiredPackages Count="3">
      <Item1>
        <PackageName Value="LazControls"/>
      </Item1>
      <Item2>
        <PackageName Value="SynEdit"/>
      </Item2>
      <Item3>
        <PackageName Value="LCL"/>
      </Item3>
    </RequiredPackages>
    <Units Count="36">
      <Unit0>
        <Filename Value="P65Pas.lpr"/>
        <IsPartOfProject Value="True"/>
      </Unit0>
      <Unit1>
        <Filename Value="FormPrincipal.pas"/>
        <IsPartOfProject Value="True"/>
        <ComponentName Value="frmPrincipal"/>
        <HasResources Value="True"/>
        <ResourceBaseClass Value="Form"/>
      </Unit1>
      <Unit2>
        <Filename Value="Compiler_PIC16.pas"/>
        <IsPartOfProject Value="True"/>
      </Unit2>
      <Unit3>
        <Filename Value="GenCod_PIC16.pas"/>
        <IsPartOfProject Value="True"/>
      </Unit3>
      <Unit4>
        <Filename Value="GenCodBas_PIC16.pas"/>
        <IsPartOfProject Value="True"/>
      </Unit4>
      <Unit5>
        <Filename Value="CompBase.pas"/>
        <IsPartOfProject Value="True"/>
      </Unit5>
      <Unit6>
        <Filename Value="adapter6502\FrameSynTree6502.pas"/>
        <IsPartOfProject Value="True"/>
        <ComponentName Value="fraSynxTree6502"/>
        <HasResources Value="True"/>
        <ResourceBaseClass Value="Frame"/>
      </Unit6>
      <Unit7>
        <Filename Value="Globales.pas"/>
        <IsPartOfProject Value="True"/>
      </Unit7>
      <Unit8>
        <Filename Value="XpresAST.pas"/>
        <IsPartOfProject Value="True"/>
      </Unit8>
      <Unit9>
        <Filename Value="FormConfig.pas"/>
        <IsPartOfProject Value="True"/>
        <ComponentName Value="Config"/>
        <HasResources Value="True"/>
        <ResourceBaseClass Value="Form"/>
      </Unit9>
      <Unit10>
        <Filename Value="PicPasProject.pas"/>
        <IsPartOfProject Value="True"/>
      </Unit10>
      <Unit11>
        <Filename Value="FrameEditView.pas"/>
        <IsPartOfProject Value="True"/>
        <ComponentName Value="fraEditView"/>
        <HasResources Value="True"/>
        <ResourceBaseClass Value="Frame"/>
      </Unit11>
      <Unit12>
        <Filename Value="FrameMessagesWin.pas"/>
        <IsPartOfProject Value="True"/>
        <ComponentName Value="fraMessagesWin"/>
        <HasResources Value="True"/>
        <ResourceBaseClass Value="Frame"/>
      </Unit12>
      <Unit13>
        <Filename Value="adapter6502\FormElemProperty.pas"/>
        <IsPartOfProject Value="True"/>
        <ComponentName Value="frmElemProperty"/>
        <HasResources Value="True"/>
        <ResourceBaseClass Value="Form"/>
      </Unit13>
      <Unit14>
        <Filename Value="FrameArcExplor.pas"/>
        <IsPartOfProject Value="True"/>
        <ComponentName Value="frmArcExplor"/>
        <HasResources Value="True"/>
        <ResourceBaseClass Value="Frame"/>
      </Unit14>
      <Unit15>
        <Filename Value="FrameCfgSyntax.pas"/>
        <IsPartOfProject Value="True"/>
        <ComponentName Value="fraCfgSyntax"/>
        <HasResources Value="True"/>
        <ResourceBaseClass Value="Frame"/>
      </Unit15>
      <Unit16>
        <Filename Value="FrameCfgSynEdit.pas"/>
        <IsPartOfProject Value="True"/>
        <ComponentName Value="fraCfgSynEdit"/>
        <HasResources Value="True"/>
        <ResourceBaseClass Value="Frame"/>
      </Unit16>
      <Unit17>
        <Filename Value="adapter6502\CodeTools6502.pas"/>
        <IsPartOfProject Value="True"/>
      </Unit17>
      <Unit18>
        <Filename Value="ParserDirec_PIC16.pas"/>
        <IsPartOfProject Value="True"/>
      </Unit18>
      <Unit19>
        <Filename Value="FrameCfgExtTool.pas"/>
        <IsPartOfProject Value="True"/>
        <ComponentName Value="fraCfgExtTool"/>
        <HasResources Value="True"/>
        <ResourceBaseClass Value="Frame"/>
      </Unit19>
      <Unit20>
        <Filename Value="FormDebugger.pas"/>
        <IsPartOfProject Value="True"/>
        <ComponentName Value="frmDebugger"/>
        <HasResources Value="True"/>
        <ResourceBaseClass Value="Form"/>
      </Unit20>
      <Unit21>
        <Filename Value="FrameRamExplorer.pas"/>
        <IsPartOfProject Value="True"/>
        <ComponentName Value="fraRamExplorer"/>
        <HasResources Value="True"/>
        <ResourceBaseClass Value="Frame"/>
      </Unit21>
      <Unit22>
        <Filename Value="FormRAMExplorer.pas"/>
        <IsPartOfProject Value="True"/>
        <ComponentName Value="frmRAMExplorer"/>
        <HasResources Value="True"/>
        <ResourceBaseClass Value="Form"/>
      </Unit22>
      <Unit23>
        <Filename Value="FramePicRegisters.pas"/>
        <IsPartOfProject Value="True"/>
        <ComponentName Value="fraPicRegisters"/>
        <HasResources Value="True"/>
        <ResourceBaseClass Value="Frame"/>
      </Unit23>
      <Unit24>
        <Filename Value="FrameRegWatcher.pas"/>
        <IsPartOfProject Value="True"/>
        <ComponentName Value="fraRegWatcher"/>
        <HasResources Value="True"/>
        <ResourceBaseClass Value="Frame"/>
      </Unit24>
      <Unit25>
        <Filename Value="ParserDirec.pas"/>
        <IsPartOfProject Value="True"/>
      </Unit25>
      <Unit26>
        <Filename Value="FramePicAsm.pas"/>
        <IsPartOfProject Value="True"/>
        <ComponentName Value="fraPicAsm"/>
        <HasResources Value="True"/>
        <ResourceBaseClass Value="Frame"/>
      </Unit26>
      <Unit27>
        <Filename Value="Analyzer.pas"/>
        <IsPartOfProject Value="True"/>
      </Unit27>
      <Unit28>
        <Filename Value="LexPas.pas"/>
        <IsPartOfProject Value="True"/>
      </Unit28>
      <Unit29>
        <Filename Value="CompContexts.pas"/>
        <IsPartOfProject Value="True"/>
      </Unit29>
      <Unit30>
        <Filename Value="ParserASM_6502.pas"/>
        <IsPartOfProject Value="True"/>
      </Unit30>
      <Unit31>
        <Filename Value="XpresElemP65.pas"/>
        <IsPartOfProject Value="True"/>
      </Unit31>
      <Unit32>
        <Filename Value="adapter6502\adapter6502.pas"/>
        <IsPartOfProject Value="True"/>
      </Unit32>
      <Unit33>
        <Filename Value="adapter.pas"/>
        <IsPartOfProject Value="True"/>
      </Unit33>
      <Unit34>
        <Filename Value="adapter6502\FrameCfgChkSyntax6502.pas"/>
        <IsPartOfProject Value="True"/>
        <ComponentName Value="fraCfgChkSyntax6502"/>
        <ResourceBaseClass Value="Frame"/>
      </Unit34>
      <Unit35>
        <Filename Value="adapter6502\FrameStatist6502.pas"/>
        <IsPartOfProject Value="True"/>
        <ComponentName Value="fraStatist6502"/>
        <HasResources Value="True"/>
        <ResourceBaseClass Value="Frame"/>
      </Unit35>
    </Units>
  </ProjectOptions>
  <CompilerOptions>
    <Version Value="11"/>
    <PathDelim Value="\"/>
    <Target>
      <Filename Value="..\P65Pas-$(TargetOS)"/>
    </Target>
    <SearchPaths>
      <IncludeFiles Value="$(ProjOutDir)"/>
      <OtherUnitFiles Value="_libraries\SynFacilUtils-1.22;_libraries\MisUtils-0.6;_libraries\MiConfig-0.4;_libraries\P65Utils-0.5;_libraries\UtilsGrilla-0.8;_libraries\epiktimer;adapter6502"/>
      <UnitOutputDirectory Value="lib\$(TargetCPU)-$(TargetOS)"/>
    </SearchPaths>
    <Parsing>
      <SyntaxOptions>
        <IncludeAssertionCode Value="True"/>
      </SyntaxOptions>
    </Parsing>
    <CodeGeneration>
      <Checks>
        <IOChecks Value="True"/>
        <RangeChecks Value="True"/>
        <OverflowChecks Value="True"/>
        <StackChecks Value="True"/>
      </Checks>
    </CodeGeneration>
    <Linking>
      <Debugging>
        <DebugInfoType Value="dsDwarf2Set"/>
        <UseHeaptrc Value="True"/>
        <UseExternalDbgSyms Value="True"/>
      </Debugging>
    </Linking>
    <Other>
      <CompilerMessages>
        <IgnoredMessages idx5057="True" idx5024="True" idx4079="True"/>
      </CompilerMessages>
    </Other>
  </CompilerOptions>
  <Debugging>
    <Exceptions Count="3">
      <Item1>
        <Name Value="EAbort"/>
      </Item1>
      <Item2>
        <Name Value="ECodetoolError"/>
      </Item2>
      <Item3>
        <Name Value="EFOpenError"/>
      </Item3>
    </Exceptions>
  </Debugging>
</CONFIG>
